
Microsoft Visual Studio Solution File, Format Version 12.00
# Visual Studio Version 16
VisualStudioVersion = 16.0.31729.503
MinimumVisualStudioVersion = 10.0.40219.1
Project("{FAE04EC0-301F-11D3-BF4B-00C04F79EFBC}") = "Lesson01", "Lesson01\Lesson01.csproj", "{7B0463CB-5D69-490B-8DB4-15A66395BE4A}"
EndProject
Project("{FAE04EC0-301F-11D3-BF4B-00C04F79EFBC}") = "Lesson02", "Lesson02\Lesson02.csproj", "{44750E32-5FD9-4205-AE27-00B85DE5F66D}"
EndProject
Project("{FAE04EC0-301F-11D3-BF4B-00C04F79EFBC}") = "Lesson03", "Lesson03\Lesson03.csproj", "{D25F17B3-02CB-4C34-9465-5929786C04CF}"
EndProject
Project("{FAE04EC0-301F-11D3-BF4B-00C04F79EFBC}") = "Lesson04", "Lesson04\Lesson04.csproj", "{8F8F0D17-3443-49C8-BA37-44148A0D8658}"
EndProject
Project("{FAE04EC0-301F-11D3-BF4B-00C04F79EFBC}") = "Lesson05", "Lesson05\Lesson05.csproj", "{432071D5-6825-4260-BB05-7766EB760FA7}"
EndProject
Project("{FAE04EC0-301F-11D3-BF4B-00C04F79EFBC}") = "Lesson06", "Lesson06\Lesson06.csproj", "{336D23B9-CC83-4A9B-A33D-A45A435EDD01}"
EndProject
Project("{FAE04EC0-301F-11D3-BF4B-00C04F79EFBC}") = "Lesson07", "Lesson07\Lesson07.csproj", "{7216D9F8-3A29-451C-9413-CC96419E3E58}"
EndProject
Project("{FAE04EC0-301F-11D3-BF4B-00C04F79EFBC}") = "Lesson08", "Lesson08\Lesson08.csproj", "{101FBC7F-F6E7-44DB-9EF9-B4CB2F39D904}"
EndProject
Project("{FAE04EC0-301F-11D3-BF4B-00C04F79EFBC}") = "Lesson09", "Lesson09\Lesson09.csproj", "{E8FA4472-196A-46C7-AB9B-CF3587AD504E}"
EndProject
Project("{FAE04EC0-301F-11D3-BF4B-00C04F79EFBC}") = "Lesson10", "Lesson10\Lesson10.csproj", "{1E42A60B-D865-4BB0-B28A-633F1D5987F2}"
EndProject
Project("{FAE04EC0-301F-11D3-BF4B-00C04F79EFBC}") = "Lesson11", "Lesson11\Lesson11.csproj", "{E1D06E1C-1DC0-4E4E-8F8A-13CA6771CD12}"
EndProject
Project("{FAE04EC0-301F-11D3-BF4B-00C04F79EFBC}") = "Lesson12", "Lesson12\Lesson12.csproj", "{8B10F369-8C7C-45F8-8C22-DA9829D89B23}"
EndProject
Project("{FAE04EC0-301F-11D3-BF4B-00C04F79EFBC}") = "Lesson13", "Lesson13\Lesson13.csproj", "{50491870-78FD-434E-8835-EDC17CA7EFD1}"
EndProject
Project("{FAE04EC0-301F-11D3-BF4B-00C04F79EFBC}") = "Lesson14", "Lesson14\Lesson14.csproj", "{4872739F-FA54-4628-807D-AB02C0F9ECFD}"
EndProject
Project("{FAE04EC0-301F-11D3-BF4B-00C04F79EFBC}") = "Lesson15", "Lesson15\Lesson15.csproj", "{2750443A-3EA4-431C-A8B4-17D71E94E9B8}"
EndProject
Project("{FAE04EC0-301F-11D3-BF4B-00C04F79EFBC}") = "Lesson16", "Lesson16\Lesson16.csproj", "{C1597FE2-2DFC-4A1A-BB3A-D204CB9C413A}"
EndProject
Project("{FAE04EC0-301F-11D3-BF4B-00C04F79EFBC}") = "Lesson17", "Lesson17\Lesson17.csproj", "{EDA701B7-385C-4474-8E93-4684E5F44FC3}"
EndProject
Project("{FAE04EC0-301F-11D3-BF4B-00C04F79EFBC}") = "Lesson18", "Lesson18\Lesson18.csproj", "{AEC80C76-1D7F-4BDF-827C-22CC3182F22B}"
EndProject
Project("{FAE04EC0-301F-11D3-BF4B-00C04F79EFBC}") = "Lesson19", "Lesson19\Lesson19.csproj", "{1D1ADB01-CE6A-4895-BFD3-41DA5B139064}"
EndProject
Project("{FAE04EC0-301F-11D3-BF4B-00C04F79EFBC}") = "Lesson20", "Lesson20\Lesson20.csproj", "{C568AB1D-F926-4CA4-97A7-ED36028F1F13}"
EndProject
Project("{FAE04EC0-301F-11D3-BF4B-00C04F79EFBC}") = "Lesson21", "Lesson21\Lesson21.csproj", "{5D80E5D4-A7A4-4906-B794-D7435974D280}"
EndProject
Project("{FAE04EC0-301F-11D3-BF4B-00C04F79EFBC}") = "Lesson22", "Lesson22\Lesson22.csproj", "{0EE7117A-C23E-4026-85EA-E68BE2DA83F0}"
EndProject
Project("{FAE04EC0-301F-11D3-BF4B-00C04F79EFBC}") = "Lesson23", "Lesson23\Lesson23.csproj", "{1E4B6012-1D05-41ED-9A88-7F9AA4A6043B}"
EndProject
Project("{FAE04EC0-301F-11D3-BF4B-00C04F79EFBC}") = "Lesson24", "Lesson24\Lesson24.csproj", "{30A8299B-3D38-49D0-9CCF-C29BF7CBC794}"
EndProject
Project("{FAE04EC0-301F-11D3-BF4B-00C04F79EFBC}") = "Lesson25", "Lesson25\Lesson25.csproj", "{3E209591-5046-4134-8AF7-EE20C5EB16A6}"
EndProject
Global
	GlobalSection(SolutionConfigurationPlatforms) = preSolution
		Debug|Any CPU = Debug|Any CPU
		Release|Any CPU = Release|Any CPU
	EndGlobalSection
	GlobalSection(ProjectConfigurationPlatforms) = postSolution
		{7B0463CB-5D69-490B-8DB4-15A66395BE4A}.Debug|Any CPU.ActiveCfg = Debug|Any CPU
		{7B0463CB-5D69-490B-8DB4-15A66395BE4A}.Debug|Any CPU.Build.0 = Debug|Any CPU
		{7B0463CB-5D69-490B-8DB4-15A66395BE4A}.Release|Any CPU.ActiveCfg = Release|Any CPU
		{7B0463CB-5D69-490B-8DB4-15A66395BE4A}.Release|Any CPU.Build.0 = Release|Any CPU
		{44750E32-5FD9-4205-AE27-00B85DE5F66D}.Debug|Any CPU.ActiveCfg = Debug|Any CPU
		{44750E32-5FD9-4205-AE27-00B85DE5F66D}.Debug|Any CPU.Build.0 = Debug|Any CPU
		{44750E32-5FD9-4205-AE27-00B85DE5F66D}.Release|Any CPU.ActiveCfg = Release|Any CPU
		{44750E32-5FD9-4205-AE27-00B85DE5F66D}.Release|Any CPU.Build.0 = Release|Any CPU
		{D25F17B3-02CB-4C34-9465-5929786C04CF}.Debug|Any CPU.ActiveCfg = Debug|Any CPU
		{D25F17B3-02CB-4C34-9465-5929786C04CF}.Debug|Any CPU.Build.0 = Debug|Any CPU
		{D25F17B3-02CB-4C34-9465-5929786C04CF}.Release|Any CPU.ActiveCfg = Release|Any CPU
		{D25F17B3-02CB-4C34-9465-5929786C04CF}.Release|Any CPU.Build.0 = Release|Any CPU
		{8F8F0D17-3443-49C8-BA37-44148A0D8658}.Debug|Any CPU.ActiveCfg = Debug|Any CPU
		{8F8F0D17-3443-49C8-BA37-44148A0D8658}.Debug|Any CPU.Build.0 = Debug|Any CPU
		{8F8F0D17-3443-49C8-BA37-44148A0D8658}.Release|Any CPU.ActiveCfg = Release|Any CPU
		{8F8F0D17-3443-49C8-BA37-44148A0D8658}.Release|Any CPU.Build.0 = Release|Any CPU
		{432071D5-6825-4260-BB05-7766EB760FA7}.Debug|Any CPU.ActiveCfg = Debug|Any CPU
		{432071D5-6825-4260-BB05-7766EB760FA7}.Debug|Any CPU.Build.0 = Debug|Any CPU
		{432071D5-6825-4260-BB05-7766EB760FA7}.Release|Any CPU.ActiveCfg = Release|Any CPU
		{432071D5-6825-4260-BB05-7766EB760FA7}.Release|Any CPU.Build.0 = Release|Any CPU
		{336D23B9-CC83-4A9B-A33D-A45A435EDD01}.Debug|Any CPU.ActiveCfg = Debug|Any CPU
		{336D23B9-CC83-4A9B-A33D-A45A435EDD01}.Debug|Any CPU.Build.0 = Debug|Any CPU
		{336D23B9-CC83-4A9B-A33D-A45A435EDD01}.Release|Any CPU.ActiveCfg = Release|Any CPU
		{336D23B9-CC83-4A9B-A33D-A45A435EDD01}.Release|Any CPU.Build.0 = Release|Any CPU
		{7216D9F8-3A29-451C-9413-CC96419E3E58}.Debug|Any CPU.ActiveCfg = Debug|Any CPU
		{7216D9F8-3A29-451C-9413-CC96419E3E58}.Debug|Any CPU.Build.0 = Debug|Any CPU
		{7216D9F8-3A29-451C-9413-CC96419E3E58}.Release|Any CPU.ActiveCfg = Release|Any CPU
		{7216D9F8-3A29-451C-9413-CC96419E3E58}.Release|Any CPU.Build.0 = Release|Any CPU
		{101FBC7F-F6E7-44DB-9EF9-B4CB2F39D904}.Debug|Any CPU.ActiveCfg = Debug|Any CPU
		{101FBC7F-F6E7-44DB-9EF9-B4CB2F39D904}.Debug|Any CPU.Build.0 = Debug|Any CPU
		{101FBC7F-F6E7-44DB-9EF9-B4CB2F39D904}.Release|Any CPU.ActiveCfg = Release|Any CPU
		{101FBC7F-F6E7-44DB-9EF9-B4CB2F39D904}.Release|Any CPU.Build.0 = Release|Any CPU
		{E8FA4472-196A-46C7-AB9B-CF3587AD504E}.Debug|Any CPU.ActiveCfg = Debug|Any CPU
		{E8FA4472-196A-46C7-AB9B-CF3587AD504E}.Debug|Any CPU.Build.0 = Debug|Any CPU
		{E8FA4472-196A-46C7-AB9B-CF3587AD504E}.Release|Any CPU.ActiveCfg = Release|Any CPU
		{E8FA4472-196A-46C7-AB9B-CF3587AD504E}.Release|Any CPU.Build.0 = Release|Any CPU
		{1E42A60B-D865-4BB0-B28A-633F1D5987F2}.Debug|Any CPU.ActiveCfg = Debug|Any CPU
		{1E42A60B-D865-4BB0-B28A-633F1D5987F2}.Debug|Any CPU.Build.0 = Debug|Any CPU
		{1E42A60B-D865-4BB0-B28A-633F1D5987F2}.Release|Any CPU.ActiveCfg = Release|Any CPU
		{1E42A60B-D865-4BB0-B28A-633F1D5987F2}.Release|Any CPU.Build.0 = Release|Any CPU
		{E1D06E1C-1DC0-4E4E-8F8A-13CA6771CD12}.Debug|Any CPU.ActiveCfg = Debug|Any CPU
		{E1D06E1C-1DC0-4E4E-8F8A-13CA6771CD12}.Debug|Any CPU.Build.0 = Debug|Any CPU
		{E1D06E1C-1DC0-4E4E-8F8A-13CA6771CD12}.Release|Any CPU.ActiveCfg = Release|Any CPU
		{E1D06E1C-1DC0-4E4E-8F8A-13CA6771CD12}.Release|Any CPU.Build.0 = Release|Any CPU
		{8B10F369-8C7C-45F8-8C22-DA9829D89B23}.Debug|Any CPU.ActiveCfg = Debug|Any CPU
		{8B10F369-8C7C-45F8-8C22-DA9829D89B23}.Debug|Any CPU.Build.0 = Debug|Any CPU
		{8B10F369-8C7C-45F8-8C22-DA9829D89B23}.Release|Any CPU.ActiveCfg = Release|Any CPU
		{8B10F369-8C7C-45F8-8C22-DA9829D89B23}.Release|Any CPU.Build.0 = Release|Any CPU
		{50491870-78FD-434E-8835-EDC17CA7EFD1}.Debug|Any CPU.ActiveCfg = Debug|Any CPU
		{50491870-78FD-434E-8835-EDC17CA7EFD1}.Debug|Any CPU.Build.0 = Debug|Any CPU
		{50491870-78FD-434E-8835-EDC17CA7EFD1}.Release|Any CPU.ActiveCfg = Release|Any CPU
		{50491870-78FD-434E-8835-EDC17CA7EFD1}.Release|Any CPU.Build.0 = Release|Any CPU
		{4872739F-FA54-4628-807D-AB02C0F9ECFD}.Debug|Any CPU.ActiveCfg = Debug|Any CPU
		{4872739F-FA54-4628-807D-AB02C0F9ECFD}.Debug|Any CPU.Build.0 = Debug|Any CPU
		{4872739F-FA54-4628-807D-AB02C0F9ECFD}.Release|Any CPU.ActiveCfg = Release|Any CPU
		{4872739F-FA54-4628-807D-AB02C0F9ECFD}.Release|Any CPU.Build.0 = Release|Any CPU
		{2750443A-3EA4-431C-A8B4-17D71E94E9B8}.Debug|Any CPU.ActiveCfg = Debug|Any CPU
		{2750443A-3EA4-431C-A8B4-17D71E94E9B8}.Debug|Any CPU.Build.0 = Debug|Any CPU
		{2750443A-3EA4-431C-A8B4-17D71E94E9B8}.Release|Any CPU.ActiveCfg = Release|Any CPU
		{2750443A-3EA4-431C-A8B4-17D71E94E9B8}.Release|Any CPU.Build.0 = Release|Any CPU
		{C1597FE2-2DFC-4A1A-BB3A-D204CB9C413A}.Debug|Any CPU.ActiveCfg = Debug|Any CPU
		{C1597FE2-2DFC-4A1A-BB3A-D204CB9C413A}.Debug|Any CPU.Build.0 = Debug|Any CPU
		{C1597FE2-2DFC-4A1A-BB3A-D204CB9C413A}.Release|Any CPU.ActiveCfg = Release|Any CPU
		{C1597FE2-2DFC-4A1A-BB3A-D204CB9C413A}.Release|Any CPU.Build.0 = Release|Any CPU
		{EDA701B7-385C-4474-8E93-4684E5F44FC3}.Debug|Any CPU.ActiveCfg = Debug|Any CPU
		{EDA701B7-385C-4474-8E93-4684E5F44FC3}.Debug|Any CPU.Build.0 = Debug|Any CPU
		{EDA701B7-385C-4474-8E93-4684E5F44FC3}.Release|Any CPU.ActiveCfg = Release|Any CPU
		{EDA701B7-385C-4474-8E93-4684E5F44FC3}.Release|Any CPU.Build.0 = Release|Any CPU
		{AEC80C76-1D7F-4BDF-827C-22CC3182F22B}.Debug|Any CPU.ActiveCfg = Debug|Any CPU
		{AEC80C76-1D7F-4BDF-827C-22CC3182F22B}.Debug|Any CPU.Build.0 = Debug|Any CPU
		{AEC80C76-1D7F-4BDF-827C-22CC3182F22B}.Release|Any CPU.ActiveCfg = Release|Any CPU
		{AEC80C76-1D7F-4BDF-827C-22CC3182F22B}.Release|Any CPU.Build.0 = Release|Any CPU
		{1D1ADB01-CE6A-4895-BFD3-41DA5B139064}.Debug|Any CPU.ActiveCfg = Debug|Any CPU
		{1D1ADB01-CE6A-4895-BFD3-41DA5B139064}.Debug|Any CPU.Build.0 = Debug|Any CPU
		{1D1ADB01-CE6A-4895-BFD3-41DA5B139064}.Release|Any CPU.ActiveCfg = Release|Any CPU
		{1D1ADB01-CE6A-4895-BFD3-41DA5B139064}.Release|Any CPU.Build.0 = Release|Any CPU
		{C568AB1D-F926-4CA4-97A7-ED36028F1F13}.Debug|Any CPU.ActiveCfg = Debug|Any CPU
		{C568AB1D-F926-4CA4-97A7-ED36028F1F13}.Debug|Any CPU.Build.0 = Debug|Any CPU
		{C568AB1D-F926-4CA4-97A7-ED36028F1F13}.Release|Any CPU.ActiveCfg = Release|Any CPU
		{C568AB1D-F926-4CA4-97A7-ED36028F1F13}.Release|Any CPU.Build.0 = Release|Any CPU
		{5D80E5D4-A7A4-4906-B794-D7435974D280}.Debug|Any CPU.ActiveCfg = Debug|Any CPU
		{5D80E5D4-A7A4-4906-B794-D7435974D280}.Debug|Any CPU.Build.0 = Debug|Any CPU
		{5D80E5D4-A7A4-4906-B794-D7435974D280}.Release|Any CPU.ActiveCfg = Release|Any CPU
		{5D80E5D4-A7A4-4906-B794-D7435974D280}.Release|Any CPU.Build.0 = Release|Any CPU
		{0EE7117A-C23E-4026-85EA-E68BE2DA83F0}.Debug|Any CPU.ActiveCfg = Debug|Any CPU
		{0EE7117A-C23E-4026-85EA-E68BE2DA83F0}.Debug|Any CPU.Build.0 = Debug|Any CPU
		{0EE7117A-C23E-4026-85EA-E68BE2DA83F0}.Release|Any CPU.ActiveCfg = Release|Any CPU
		{0EE7117A-C23E-4026-85EA-E68BE2DA83F0}.Release|Any CPU.Build.0 = Release|Any CPU
		{1E4B6012-1D05-41ED-9A88-7F9AA4A6043B}.Debug|Any CPU.ActiveCfg = Debug|Any CPU
		{1E4B6012-1D05-41ED-9A88-7F9AA4A6043B}.Debug|Any CPU.Build.0 = Debug|Any CPU
		{1E4B6012-1D05-41ED-9A88-7F9AA4A6043B}.Release|Any CPU.ActiveCfg = Release|Any CPU
		{1E4B6012-1D05-41ED-9A88-7F9AA4A6043B}.Release|Any CPU.Build.0 = Release|Any CPU
		{30A8299B-3D38-49D0-9CCF-C29BF7CBC794}.Debug|Any CPU.ActiveCfg = Debug|Any CPU
		{30A8299B-3D38-49D0-9CCF-C29BF7CBC794}.Debug|Any CPU.Build.0 = Debug|Any CPU
		{30A8299B-3D38-49D0-9CCF-C29BF7CBC794}.Release|Any CPU.ActiveCfg = Release|Any CPU
		{30A8299B-3D38-49D0-9CCF-C29BF7CBC794}.Release|Any CPU.Build.0 = Release|Any CPU
		{3E209591-5046-4134-8AF7-EE20C5EB16A6}.Debug|Any CPU.ActiveCfg = Debug|Any CPU
		{3E209591-5046-4134-8AF7-EE20C5EB16A6}.Debug|Any CPU.Build.0 = Debug|Any CPU
		{3E209591-5046-4134-8AF7-EE20C5EB16A6}.Release|Any CPU.ActiveCfg = Release|Any CPU
		{3E209591-5046-4134-8AF7-EE20C5EB16A6}.Release|Any CPU.Build.0 = Release|Any CPU
	EndGlobalSection
	GlobalSection(SolutionProperties) = preSolution
		HideSolutionNode = FALSE
	EndGlobalSection
	GlobalSection(ExtensibilityGlobals) = postSolution
		SolutionGuid = {DF76DD39-CDDA-46B2-8A6E-0BB2131C50BF}
	EndGlobalSection
EndGlobal
